// !$*UTF8*$!
{
	archiveVersion = 1;
	classes = {
	};
	objectVersion = 50;
	objects = {

/* Begin PBXBuildFile section */
		6309976F26E7CD370032D9BB /* main.cpp in Sources */ = {isa = PBXBuildFile; fileRef = 6309976E26E7CD370032D9BB /* main.cpp */; };
		631A69F926F332140021AFAC /* main.cpp in Sources */ = {isa = PBXBuildFile; fileRef = 631A69F826F332140021AFAC /* main.cpp */; };
		632CCB6226E0B922009651F5 /* main.cpp in Sources */ = {isa = PBXBuildFile; fileRef = 632CCB6126E0B922009651F5 /* main.cpp */; };
		633CD04E274A5E06007E630B /* main.cpp in Sources */ = {isa = PBXBuildFile; fileRef = 633CD04D274A5E06007E630B /* main.cpp */; };
		63699FF1270C547E006BD490 /* main.cpp in Sources */ = {isa = PBXBuildFile; fileRef = 63699FEF270C547E006BD490 /* main.cpp */; };
		637262C4271E070E003A85BE /* main.cpp in Sources */ = {isa = PBXBuildFile; fileRef = 637262C3271E070E003A85BE /* main.cpp */; };
		6377DACD272697C400BBCDC9 /* main.cpp in Sources */ = {isa = PBXBuildFile; fileRef = 6377DACC272697C400BBCDC9 /* main.cpp */; };
		637B8C23271EB1E500960D53 /* main.cpp in Sources */ = {isa = PBXBuildFile; fileRef = 637B8C22271EB1E500960D53 /* main.cpp */; };
		639F3E8327031E7700594DCF /* main.cpp in Sources */ = {isa = PBXBuildFile; fileRef = 639F3E8227031E7700594DCF /* main.cpp */; };
		639F3E992703DDCC00594DCF /* main.cpp in Sources */ = {isa = PBXBuildFile; fileRef = 639F3E982703DDCC00594DCF /* main.cpp */; };
		63AF3F2A26D4F4C00055AD88 /* Lab - 2.cpp in Sources */ = {isa = PBXBuildFile; fileRef = 63AF3F2926D4F4C00055AD88 /* Lab - 2.cpp */; };
		63C1C59C26D8D33200D3579D /* 3.cpp in Sources */ = {isa = PBXBuildFile; fileRef = 63C1C59B26D8D33200D3579D /* 3.cpp */; };
		63C3753F2715903A00FD4329 /* main.cpp in Sources */ = {isa = PBXBuildFile; fileRef = 63C3753E2715903A00FD4329 /* main.cpp */; };
		63D6E8EA273944F20099DFD2 /* main.cpp in Sources */ = {isa = PBXBuildFile; fileRef = 63D6E8E9273944F20099DFD2 /* main.cpp */; };
		63D6E8F5273945FD0099DFD2 /* main.cpp in Sources */ = {isa = PBXBuildFile; fileRef = 63D6E8F4273945FD0099DFD2 /* main.cpp */; };
		63EDC11626DE3F520044A75C /* main.cpp in Sources */ = {isa = PBXBuildFile; fileRef = 63EDC11526DE3F520044A75C /* main.cpp */; };
		63EDC12126DE4BAC0044A75C /* main.cpp in Sources */ = {isa = PBXBuildFile; fileRef = 63EDC12026DE4BAC0044A75C /* main.cpp */; };
		63F6C7D426BD311900ECDC1B /* 1.cpp in Sources */ = {isa = PBXBuildFile; fileRef = 63F6C7D326BD311900ECDC1B /* 1.cpp */; };
		63F6C7E126BD433100ECDC1B /* 2.cpp in Sources */ = {isa = PBXBuildFile; fileRef = 63F6C7E026BD433100ECDC1B /* 2.cpp */; };
/* End PBXBuildFile section */

/* Begin PBXCopyFilesBuildPhase section */
		6309976A26E7CD370032D9BB /* CopyFiles */ = {
			isa = PBXCopyFilesBuildPhase;
			buildActionMask = 2147483647;
			dstPath = /usr/share/man/man1/;
			dstSubfolderSpec = 0;
			files = (
			);
			runOnlyForDeploymentPostprocessing = 1;
		};
		631A69F426F332140021AFAC /* CopyFiles */ = {
			isa = PBXCopyFilesBuildPhase;
			buildActionMask = 2147483647;
			dstPath = /usr/share/man/man1/;
			dstSubfolderSpec = 0;
			files = (
			);
			runOnlyForDeploymentPostprocessing = 1;
		};
		632CCB5D26E0B922009651F5 /* CopyFiles */ = {
			isa = PBXCopyFilesBuildPhase;
			buildActionMask = 2147483647;
			dstPath = /usr/share/man/man1/;
			dstSubfolderSpec = 0;
			files = (
			);
			runOnlyForDeploymentPostprocessing = 1;
		};
		633CD049274A5E06007E630B /* CopyFiles */ = {
			isa = PBXCopyFilesBuildPhase;
			buildActionMask = 2147483647;
			dstPath = /usr/share/man/man1/;
			dstSubfolderSpec = 0;
			files = (
			);
			runOnlyForDeploymentPostprocessing = 1;
		};
		6348D6EA2618B02C0043E773 /* CopyFiles */ = {
			isa = PBXCopyFilesBuildPhase;
			buildActionMask = 2147483647;
			dstPath = /usr/share/man/man1/;
			dstSubfolderSpec = 0;
			files = (
			);
			runOnlyForDeploymentPostprocessing = 1;
		};
		637262BF271E070E003A85BE /* CopyFiles */ = {
			isa = PBXCopyFilesBuildPhase;
			buildActionMask = 2147483647;
			dstPath = /usr/share/man/man1/;
			dstSubfolderSpec = 0;
			files = (
			);
			runOnlyForDeploymentPostprocessing = 1;
		};
		6377DAC8272697C400BBCDC9 /* CopyFiles */ = {
			isa = PBXCopyFilesBuildPhase;
			buildActionMask = 2147483647;
			dstPath = /usr/share/man/man1/;
			dstSubfolderSpec = 0;
			files = (
			);
			runOnlyForDeploymentPostprocessing = 1;
		};
		637B8C1E271EB1E500960D53 /* CopyFiles */ = {
			isa = PBXCopyFilesBuildPhase;
			buildActionMask = 2147483647;
			dstPath = /usr/share/man/man1/;
			dstSubfolderSpec = 0;
			files = (
			);
			runOnlyForDeploymentPostprocessing = 1;
		};
		639ED63726F33148008A8931 /* CopyFiles */ = {
			isa = PBXCopyFilesBuildPhase;
			buildActionMask = 2147483647;
			dstPath = /usr/share/man/man1/;
			dstSubfolderSpec = 0;
			files = (
			);
			runOnlyForDeploymentPostprocessing = 1;
		};
		639F3E7E27031E7700594DCF /* CopyFiles */ = {
			isa = PBXCopyFilesBuildPhase;
			buildActionMask = 2147483647;
			dstPath = /usr/share/man/man1/;
			dstSubfolderSpec = 0;
			files = (
			);
			runOnlyForDeploymentPostprocessing = 1;
		};
		639F3E942703DDCC00594DCF /* CopyFiles */ = {
			isa = PBXCopyFilesBuildPhase;
			buildActionMask = 2147483647;
			dstPath = /usr/share/man/man1/;
			dstSubfolderSpec = 0;
			files = (
			);
			runOnlyForDeploymentPostprocessing = 1;
		};
		63AF3F2526D4F4C00055AD88 /* CopyFiles */ = {
			isa = PBXCopyFilesBuildPhase;
			buildActionMask = 2147483647;
			dstPath = /usr/share/man/man1/;
			dstSubfolderSpec = 0;
			files = (
			);
			runOnlyForDeploymentPostprocessing = 1;
		};
		63C1C59726D8D33200D3579D /* CopyFiles */ = {
			isa = PBXCopyFilesBuildPhase;
			buildActionMask = 2147483647;
			dstPath = /usr/share/man/man1/;
			dstSubfolderSpec = 0;
			files = (
			);
			runOnlyForDeploymentPostprocessing = 1;
		};
		63C3753A2715903A00FD4329 /* CopyFiles */ = {
			isa = PBXCopyFilesBuildPhase;
			buildActionMask = 2147483647;
			dstPath = /usr/share/man/man1/;
			dstSubfolderSpec = 0;
			files = (
			);
			runOnlyForDeploymentPostprocessing = 1;
		};
		63CF7B9425A747B900C27E74 /* CopyFiles */ = {
			isa = PBXCopyFilesBuildPhase;
			buildActionMask = 2147483647;
			dstPath = /usr/share/man/man1/;
			dstSubfolderSpec = 0;
			files = (
			);
			runOnlyForDeploymentPostprocessing = 1;
		};
		63D3FCE526F9E4C3007B1F18 /* CopyFiles */ = {
			isa = PBXCopyFilesBuildPhase;
			buildActionMask = 2147483647;
			dstPath = /usr/share/man/man1/;
			dstSubfolderSpec = 0;
			files = (
			);
			runOnlyForDeploymentPostprocessing = 1;
		};
		63D6E8E5273944F20099DFD2 /* CopyFiles */ = {
			isa = PBXCopyFilesBuildPhase;
			buildActionMask = 2147483647;
			dstPath = /usr/share/man/man1/;
			dstSubfolderSpec = 0;
			files = (
			);
			runOnlyForDeploymentPostprocessing = 1;
		};
		63D6E8F0273945FD0099DFD2 /* CopyFiles */ = {
			isa = PBXCopyFilesBuildPhase;
			buildActionMask = 2147483647;
			dstPath = /usr/share/man/man1/;
			dstSubfolderSpec = 0;
			files = (
			);
			runOnlyForDeploymentPostprocessing = 1;
		};
		63EDC11126DE3F520044A75C /* CopyFiles */ = {
			isa = PBXCopyFilesBuildPhase;
			buildActionMask = 2147483647;
			dstPath = /usr/share/man/man1/;
			dstSubfolderSpec = 0;
			files = (
			);
			runOnlyForDeploymentPostprocessing = 1;
		};
		63EDC11C26DE4BAC0044A75C /* CopyFiles */ = {
			isa = PBXCopyFilesBuildPhase;
			buildActionMask = 2147483647;
			dstPath = /usr/share/man/man1/;
			dstSubfolderSpec = 0;
			files = (
			);
			runOnlyForDeploymentPostprocessing = 1;
		};
		63F6C7B926BD28ED00ECDC1B /* CopyFiles */ = {
			isa = PBXCopyFilesBuildPhase;
			buildActionMask = 2147483647;
			dstPath = /usr/share/man/man1/;
			dstSubfolderSpec = 0;
			files = (
			);
			runOnlyForDeploymentPostprocessing = 1;
		};
		63F6C7CF26BD311900ECDC1B /* CopyFiles */ = {
			isa = PBXCopyFilesBuildPhase;
			buildActionMask = 2147483647;
			dstPath = /usr/share/man/man1/;
			dstSubfolderSpec = 0;
			files = (
			);
			runOnlyForDeploymentPostprocessing = 1;
		};
		63F6C7DC26BD433100ECDC1B /* CopyFiles */ = {
			isa = PBXCopyFilesBuildPhase;
			buildActionMask = 2147483647;
			dstPath = /usr/share/man/man1/;
			dstSubfolderSpec = 0;
			files = (
			);
			runOnlyForDeploymentPostprocessing = 1;
		};
/* End PBXCopyFilesBuildPhase section */

/* Begin PBXFileReference section */
		6309976C26E7CD370032D9BB /* Class Implement */ = {isa = PBXFileReference; explicitFileType = "compiled.mach-o.executable"; includeInIndex = 0; path = "Class Implement"; sourceTree = BUILT_PRODUCTS_DIR; };
		6309976E26E7CD370032D9BB /* main.cpp */ = {isa = PBXFileReference; lastKnownFileType = sourcecode.cpp.cpp; path = main.cpp; sourceTree = "<group>"; };
		631A69F626F332140021AFAC /* OOPS Assignment - 4 */ = {isa = PBXFileReference; explicitFileType = "compiled.mach-o.executable"; includeInIndex = 0; path = "OOPS Assignment - 4"; sourceTree = BUILT_PRODUCTS_DIR; };
		631A69F826F332140021AFAC /* main.cpp */ = {isa = PBXFileReference; lastKnownFileType = sourcecode.cpp.cpp; path = main.cpp; sourceTree = "<group>"; };
		632CCB5F26E0B922009651F5 /* Area Fxn Overloading */ = {isa = PBXFileReference; explicitFileType = "compiled.mach-o.executable"; includeInIndex = 0; path = "Area Fxn Overloading"; sourceTree = BUILT_PRODUCTS_DIR; };
		632CCB6126E0B922009651F5 /* main.cpp */ = {isa = PBXFileReference; lastKnownFileType = sourcecode.cpp.cpp; path = main.cpp; sourceTree = "<group>"; };
		633CD04B274A5E06007E630B /* OOPs Lab - Library Management System */ = {isa = PBXFileReference; explicitFileType = "compiled.mach-o.executable"; includeInIndex = 0; path = "OOPs Lab - Library Management System"; sourceTree = BUILT_PRODUCTS_DIR; };
		633CD04D274A5E06007E630B /* main.cpp */ = {isa = PBXFileReference; lastKnownFileType = sourcecode.cpp.cpp; path = main.cpp; sourceTree = "<group>"; };
		6348D6EC2618B02C0043E773 /* TEST */ = {isa = PBXFileReference; explicitFileType = "compiled.mach-o.executable"; includeInIndex = 0; path = TEST; sourceTree = BUILT_PRODUCTS_DIR; };
		63699FEF270C547E006BD490 /* main.cpp */ = {isa = PBXFileReference; lastKnownFileType = sourcecode.cpp.cpp; path = main.cpp; sourceTree = "<group>"; };
		637262C1271E070E003A85BE /* Test - 2 */ = {isa = PBXFileReference; explicitFileType = "compiled.mach-o.executable"; includeInIndex = 0; path = "Test - 2"; sourceTree = BUILT_PRODUCTS_DIR; };
		637262C3271E070E003A85BE /* main.cpp */ = {isa = PBXFileReference; lastKnownFileType = sourcecode.cpp.cpp; path = main.cpp; sourceTree = "<group>"; };
		6377DACA272697C400BBCDC9 /* OOPs Exception Handling */ = {isa = PBXFileReference; explicitFileType = "compiled.mach-o.executable"; includeInIndex = 0; path = "OOPs Exception Handling"; sourceTree = BUILT_PRODUCTS_DIR; };
		6377DACC272697C400BBCDC9 /* main.cpp */ = {isa = PBXFileReference; lastKnownFileType = sourcecode.cpp.cpp; path = main.cpp; sourceTree = "<group>"; };
		637B8C20271EB1E500960D53 /* Test - 3 */ = {isa = PBXFileReference; explicitFileType = "compiled.mach-o.executable"; includeInIndex = 0; path = "Test - 3"; sourceTree = BUILT_PRODUCTS_DIR; };
		637B8C22271EB1E500960D53 /* main.cpp */ = {isa = PBXFileReference; lastKnownFileType = sourcecode.cpp.cpp; path = main.cpp; sourceTree = "<group>"; };
		639ED63926F33148008A8931 /* OOPs Assignment - 4 */ = {isa = PBXFileReference; explicitFileType = "compiled.mach-o.executable"; includeInIndex = 0; path = "OOPs Assignment - 4"; sourceTree = BUILT_PRODUCTS_DIR; };
		639F3E8027031E7700594DCF /* Class Test OOPs */ = {isa = PBXFileReference; explicitFileType = "compiled.mach-o.executable"; includeInIndex = 0; path = "Class Test OOPs"; sourceTree = BUILT_PRODUCTS_DIR; };
		639F3E8227031E7700594DCF /* main.cpp */ = {isa = PBXFileReference; lastKnownFileType = sourcecode.cpp.cpp; path = main.cpp; sourceTree = "<group>"; };
		639F3E962703DDCC00594DCF /* Test-1 */ = {isa = PBXFileReference; explicitFileType = "compiled.mach-o.executable"; includeInIndex = 0; path = "Test-1"; sourceTree = BUILT_PRODUCTS_DIR; };
		639F3E982703DDCC00594DCF /* main.cpp */ = {isa = PBXFileReference; lastKnownFileType = sourcecode.cpp.cpp; path = main.cpp; sourceTree = "<group>"; };
		63AF3F2726D4F4C00055AD88 /* OOPs Lab Assignment - 2 */ = {isa = PBXFileReference; explicitFileType = "compiled.mach-o.executable"; includeInIndex = 0; path = "OOPs Lab Assignment - 2"; sourceTree = BUILT_PRODUCTS_DIR; };
		63AF3F2926D4F4C00055AD88 /* Lab - 2.cpp */ = {isa = PBXFileReference; lastKnownFileType = sourcecode.cpp.cpp; path = "Lab - 2.cpp"; sourceTree = "<group>"; };
		63C1C59926D8D33200D3579D /* OOPs Assignment - 3 */ = {isa = PBXFileReference; explicitFileType = "compiled.mach-o.executable"; includeInIndex = 0; path = "OOPs Assignment - 3"; sourceTree = BUILT_PRODUCTS_DIR; };
		63C1C59B26D8D33200D3579D /* 3.cpp */ = {isa = PBXFileReference; lastKnownFileType = sourcecode.cpp.cpp; path = 3.cpp; sourceTree = "<group>"; };
		63C3753C2715903A00FD4329 /* Class Test OOPs - 2 */ = {isa = PBXFileReference; explicitFileType = "compiled.mach-o.executable"; includeInIndex = 0; path = "Class Test OOPs - 2"; sourceTree = BUILT_PRODUCTS_DIR; };
		63C3753E2715903A00FD4329 /* main.cpp */ = {isa = PBXFileReference; lastKnownFileType = sourcecode.cpp.cpp; path = main.cpp; sourceTree = "<group>"; };
		63CF7B9625A747B900C27E74 /* C++ Programing */ = {isa = PBXFileReference; explicitFileType = "compiled.mach-o.executable"; includeInIndex = 0; path = "C++ Programing"; sourceTree = BUILT_PRODUCTS_DIR; };
		63D3FCE726F9E4C3007B1F18 /* OOPs Lab Assignment - 7 */ = {isa = PBXFileReference; explicitFileType = "compiled.mach-o.executable"; includeInIndex = 0; path = "OOPs Lab Assignment - 7"; sourceTree = BUILT_PRODUCTS_DIR; };
		63D6E8E7273944F20099DFD2 /* Friend Class */ = {isa = PBXFileReference; explicitFileType = "compiled.mach-o.executable"; includeInIndex = 0; path = "Friend Class"; sourceTree = BUILT_PRODUCTS_DIR; };
		63D6E8E9273944F20099DFD2 /* main.cpp */ = {isa = PBXFileReference; lastKnownFileType = sourcecode.cpp.cpp; path = main.cpp; sourceTree = "<group>"; };
		63D6E8F2273945FD0099DFD2 /* Teaching Strings */ = {isa = PBXFileReference; explicitFileType = "compiled.mach-o.executable"; includeInIndex = 0; path = "Teaching Strings"; sourceTree = BUILT_PRODUCTS_DIR; };
		63D6E8F4273945FD0099DFD2 /* main.cpp */ = {isa = PBXFileReference; lastKnownFileType = sourcecode.cpp.cpp; path = main.cpp; sourceTree = "<group>"; };
		63EDC11326DE3F520044A75C /* OOPs Lab Assignment - 3 */ = {isa = PBXFileReference; explicitFileType = "compiled.mach-o.executable"; includeInIndex = 0; path = "OOPs Lab Assignment - 3"; sourceTree = BUILT_PRODUCTS_DIR; };
		63EDC11526DE3F520044A75C /* main.cpp */ = {isa = PBXFileReference; lastKnownFileType = sourcecode.cpp.cpp; path = main.cpp; sourceTree = "<group>"; };
		63EDC11E26DE4BAC0044A75C /* OOPs Lab Assignment - 4 */ = {isa = PBXFileReference; explicitFileType = "compiled.mach-o.executable"; includeInIndex = 0; path = "OOPs Lab Assignment - 4"; sourceTree = BUILT_PRODUCTS_DIR; };
		63EDC12026DE4BAC0044A75C /* main.cpp */ = {isa = PBXFileReference; lastKnownFileType = sourcecode.cpp.cpp; path = main.cpp; sourceTree = "<group>"; };
		63F6C7BB26BD28ED00ECDC1B /* Class Assignment */ = {isa = PBXFileReference; explicitFileType = "compiled.mach-o.executable"; includeInIndex = 0; path = "Class Assignment"; sourceTree = BUILT_PRODUCTS_DIR; };
		63F6C7D126BD311900ECDC1B /* Class Assignments */ = {isa = PBXFileReference; explicitFileType = "compiled.mach-o.executable"; includeInIndex = 0; path = "Class Assignments"; sourceTree = BUILT_PRODUCTS_DIR; };
		63F6C7D326BD311900ECDC1B /* 1.cpp */ = {isa = PBXFileReference; lastKnownFileType = sourcecode.cpp.cpp; path = 1.cpp; sourceTree = "<group>"; };
		63F6C7DE26BD433100ECDC1B /* OOPs Assignment - 2 */ = {isa = PBXFileReference; explicitFileType = "compiled.mach-o.executable"; includeInIndex = 0; path = "OOPs Assignment - 2"; sourceTree = BUILT_PRODUCTS_DIR; };
		63F6C7E026BD433100ECDC1B /* 2.cpp */ = {isa = PBXFileReference; lastKnownFileType = sourcecode.cpp.cpp; path = 2.cpp; sourceTree = "<group>"; };
/* End PBXFileReference section */

/* Begin PBXFrameworksBuildPhase section */
		6309976926E7CD370032D9BB /* Frameworks */ = {
			isa = PBXFrameworksBuildPhase;
			buildActionMask = 2147483647;
			files = (
			);
			runOnlyForDeploymentPostprocessing = 0;
		};
		631A69F326F332140021AFAC /* Frameworks */ = {
			isa = PBXFrameworksBuildPhase;
			buildActionMask = 2147483647;
			files = (
			);
			runOnlyForDeploymentPostprocessing = 0;
		};
		632CCB5C26E0B922009651F5 /* Frameworks */ = {
			isa = PBXFrameworksBuildPhase;
			buildActionMask = 2147483647;
			files = (
			);
			runOnlyForDeploymentPostprocessing = 0;
		};
		633CD048274A5E06007E630B /* Frameworks */ = {
			isa = PBXFrameworksBuildPhase;
			buildActionMask = 2147483647;
			files = (
			);
			runOnlyForDeploymentPostprocessing = 0;
		};
		6348D6E92618B02C0043E773 /* Frameworks */ = {
			isa = PBXFrameworksBuildPhase;
			buildActionMask = 2147483647;
			files = (
			);
			runOnlyForDeploymentPostprocessing = 0;
		};
		637262BE271E070E003A85BE /* Frameworks */ = {
			isa = PBXFrameworksBuildPhase;
			buildActionMask = 2147483647;
			files = (
			);
			runOnlyForDeploymentPostprocessing = 0;
		};
		6377DAC7272697C400BBCDC9 /* Frameworks */ = {
			isa = PBXFrameworksBuildPhase;
			buildActionMask = 2147483647;
			files = (
			);
			runOnlyForDeploymentPostprocessing = 0;
		};
		637B8C1D271EB1E500960D53 /* Frameworks */ = {
			isa = PBXFrameworksBuildPhase;
			buildActionMask = 2147483647;
			files = (
			);
			runOnlyForDeploymentPostprocessing = 0;
		};
		639ED63626F33148008A8931 /* Frameworks */ = {
			isa = PBXFrameworksBuildPhase;
			buildActionMask = 2147483647;
			files = (
			);
			runOnlyForDeploymentPostprocessing = 0;
		};
		639F3E7D27031E7700594DCF /* Frameworks */ = {
			isa = PBXFrameworksBuildPhase;
			buildActionMask = 2147483647;
			files = (
			);
			runOnlyForDeploymentPostprocessing = 0;
		};
		639F3E932703DDCC00594DCF /* Frameworks */ = {
			isa = PBXFrameworksBuildPhase;
			buildActionMask = 2147483647;
			files = (
			);
			runOnlyForDeploymentPostprocessing = 0;
		};
		63AF3F2426D4F4C00055AD88 /* Frameworks */ = {
			isa = PBXFrameworksBuildPhase;
			buildActionMask = 2147483647;
			files = (
			);
			runOnlyForDeploymentPostprocessing = 0;
		};
		63C1C59626D8D33200D3579D /* Frameworks */ = {
			isa = PBXFrameworksBuildPhase;
			buildActionMask = 2147483647;
			files = (
			);
			runOnlyForDeploymentPostprocessing = 0;
		};
		63C375392715903A00FD4329 /* Frameworks */ = {
			isa = PBXFrameworksBuildPhase;
			buildActionMask = 2147483647;
			files = (
			);
			runOnlyForDeploymentPostprocessing = 0;
		};
		63CF7B9325A747B900C27E74 /* Frameworks */ = {
			isa = PBXFrameworksBuildPhase;
			buildActionMask = 2147483647;
			files = (
			);
			runOnlyForDeploymentPostprocessing = 0;
		};
		63D3FCE426F9E4C3007B1F18 /* Frameworks */ = {
			isa = PBXFrameworksBuildPhase;
			buildActionMask = 2147483647;
			files = (
			);
			runOnlyForDeploymentPostprocessing = 0;
		};
		63D6E8E4273944F20099DFD2 /* Frameworks */ = {
			isa = PBXFrameworksBuildPhase;
			buildActionMask = 2147483647;
			files = (
			);
			runOnlyForDeploymentPostprocessing = 0;
		};
		63D6E8EF273945FD0099DFD2 /* Frameworks */ = {
			isa = PBXFrameworksBuildPhase;
			buildActionMask = 2147483647;
			files = (
			);
			runOnlyForDeploymentPostprocessing = 0;
		};
		63EDC11026DE3F520044A75C /* Frameworks */ = {
			isa = PBXFrameworksBuildPhase;
			buildActionMask = 2147483647;
			files = (
			);
			runOnlyForDeploymentPostprocessing = 0;
		};
		63EDC11B26DE4BAC0044A75C /* Frameworks */ = {
			isa = PBXFrameworksBuildPhase;
			buildActionMask = 2147483647;
			files = (
			);
			runOnlyForDeploymentPostprocessing = 0;
		};
		63F6C7B826BD28ED00ECDC1B /* Frameworks */ = {
			isa = PBXFrameworksBuildPhase;
			buildActionMask = 2147483647;
			files = (
			);
			runOnlyForDeploymentPostprocessing = 0;
		};
		63F6C7CE26BD311900ECDC1B /* Frameworks */ = {
			isa = PBXFrameworksBuildPhase;
			buildActionMask = 2147483647;
			files = (
			);
			runOnlyForDeploymentPostprocessing = 0;
		};
		63F6C7DB26BD433100ECDC1B /* Frameworks */ = {
			isa = PBXFrameworksBuildPhase;
			buildActionMask = 2147483647;
			files = (
			);
			runOnlyForDeploymentPostprocessing = 0;
		};
/* End PBXFrameworksBuildPhase section */

/* Begin PBXGroup section */
		6309976D26E7CD370032D9BB /* OOPs Lab Assignment - 6 */ = {
			isa = PBXGroup;
			children = (
				6309976E26E7CD370032D9BB /* main.cpp */,
			);
			path = "OOPs Lab Assignment - 6";
			sourceTree = "<group>";
		};
		631A69F726F332140021AFAC /* OOPS Assignment - 4 */ = {
			isa = PBXGroup;
			children = (
				631A69F826F332140021AFAC /* main.cpp */,
			);
			path = "OOPS Assignment - 4";
			sourceTree = "<group>";
		};
		632CCB6026E0B922009651F5 /* OOPs Lab Assignment - 5 */ = {
			isa = PBXGroup;
			children = (
				632CCB6126E0B922009651F5 /* main.cpp */,
			);
			path = "OOPs Lab Assignment - 5";
			sourceTree = "<group>";
		};
		633CD04C274A5E06007E630B /* OOPs Lab - Library Management System */ = {
			isa = PBXGroup;
			children = (
				633CD04D274A5E06007E630B /* main.cpp */,
			);
			path = "OOPs Lab - Library Management System";
			sourceTree = "<group>";
		};
		637262C2271E070E003A85BE /* Test - 2 */ = {
			isa = PBXGroup;
			children = (
				637262C3271E070E003A85BE /* main.cpp */,
			);
			path = "Test - 2";
			sourceTree = "<group>";
		};
		6377DACB272697C400BBCDC9 /* OOPs Exception Handling */ = {
			isa = PBXGroup;
			children = (
				6377DACC272697C400BBCDC9 /* main.cpp */,
			);
			path = "OOPs Exception Handling";
			sourceTree = "<group>";
		};
		637B8C21271EB1E500960D53 /* Test - 3 */ = {
			isa = PBXGroup;
			children = (
				637B8C22271EB1E500960D53 /* main.cpp */,
			);
			path = "Test - 3";
			sourceTree = "<group>";
		};
		63959A2026DBCD5E00BB4E51 /* OOPs Lab Ass */ = {
			isa = PBXGroup;
			children = (
				63F6C7D226BD311900ECDC1B /* OOPs Assignment - 1 */,
				63F6C7DF26BD433100ECDC1B /* OOPs Assignment - 2 */,
				63C1C59A26D8D33200D3579D /* OOPs Assignment - 3 */,
				631A69F726F332140021AFAC /* OOPS Assignment - 4 */,
				63AF3F2826D4F4C00055AD88 /* OOPs Lab Assignment - 2 */,
				63EDC11426DE3F520044A75C /* OOPs Lab Assignment - 3 */,
				63EDC11F26DE4BAC0044A75C /* OOPs Lab Assignment - 4 */,
				632CCB6026E0B922009651F5 /* OOPs Lab Assignment - 5 */,
				6309976D26E7CD370032D9BB /* OOPs Lab Assignment - 6 */,
				63D3FCE826F9E4C3007B1F18 /* OOPs Lab Assignment - 7 */,
			);
			path = "OOPs Lab Ass";
			sourceTree = "<group>";
		};
		639F3E8127031E7700594DCF /* Class Test OOPs */ = {
			isa = PBXGroup;
			children = (
				639F3E8227031E7700594DCF /* main.cpp */,
			);
			path = "Class Test OOPs";
			sourceTree = "<group>";
		};
		639F3E972703DDCC00594DCF /* Test-1 */ = {
			isa = PBXGroup;
			children = (
				639F3E982703DDCC00594DCF /* main.cpp */,
			);
			path = "Test-1";
			sourceTree = "<group>";
		};
		63AF3F2826D4F4C00055AD88 /* OOPs Lab Assignment - 2 */ = {
			isa = PBXGroup;
			children = (
				63AF3F2926D4F4C00055AD88 /* Lab - 2.cpp */,
			);
			path = "OOPs Lab Assignment - 2";
			sourceTree = "<group>";
		};
		63C1C59A26D8D33200D3579D /* OOPs Assignment - 3 */ = {
			isa = PBXGroup;
			children = (
				63C1C59B26D8D33200D3579D /* 3.cpp */,
			);
			path = "OOPs Assignment - 3";
			sourceTree = "<group>";
		};
		63C3753D2715903A00FD4329 /* Class Test OOPs - 2 */ = {
			isa = PBXGroup;
			children = (
				63C3753E2715903A00FD4329 /* main.cpp */,
			);
			path = "Class Test OOPs - 2";
			sourceTree = "<group>";
		};
		63CF7B8D25A747B900C27E74 = {
			isa = PBXGroup;
			children = (
				63959A2026DBCD5E00BB4E51 /* OOPs Lab Ass */,
				639F3E8127031E7700594DCF /* Class Test OOPs */,
				63C3753D2715903A00FD4329 /* Class Test OOPs - 2 */,
				639F3E972703DDCC00594DCF /* Test-1 */,
				637262C2271E070E003A85BE /* Test - 2 */,
				637B8C21271EB1E500960D53 /* Test - 3 */,
				6377DACB272697C400BBCDC9 /* OOPs Exception Handling */,
				63D6E8E8273944F20099DFD2 /* Friend Class */,
				63D6E8F3273945FD0099DFD2 /* Teaching Strings */,
				633CD04C274A5E06007E630B /* OOPs Lab - Library Management System */,
				63CF7B9725A747B900C27E74 /* Products */,
			);
			sourceTree = "<group>";
		};
		63CF7B9725A747B900C27E74 /* Products */ = {
			isa = PBXGroup;
			children = (
				63CF7B9625A747B900C27E74 /* C++ Programing */,
				6348D6EC2618B02C0043E773 /* TEST */,
				63F6C7BB26BD28ED00ECDC1B /* Class Assignment */,
				63F6C7D126BD311900ECDC1B /* Class Assignments */,
				63F6C7DE26BD433100ECDC1B /* OOPs Assignment - 2 */,
				63AF3F2726D4F4C00055AD88 /* OOPs Lab Assignment - 2 */,
				63C1C59926D8D33200D3579D /* OOPs Assignment - 3 */,
				63EDC11326DE3F520044A75C /* OOPs Lab Assignment - 3 */,
				63EDC11E26DE4BAC0044A75C /* OOPs Lab Assignment - 4 */,
				632CCB5F26E0B922009651F5 /* Area Fxn Overloading */,
				6309976C26E7CD370032D9BB /* Class Implement */,
				639ED63926F33148008A8931 /* OOPs Assignment - 4 */,
				631A69F626F332140021AFAC /* OOPS Assignment - 4 */,
				63D3FCE726F9E4C3007B1F18 /* OOPs Lab Assignment - 7 */,
				639F3E8027031E7700594DCF /* Class Test OOPs */,
				639F3E962703DDCC00594DCF /* Test-1 */,
				63C3753C2715903A00FD4329 /* Class Test OOPs - 2 */,
				637262C1271E070E003A85BE /* Test - 2 */,
				637B8C20271EB1E500960D53 /* Test - 3 */,
				6377DACA272697C400BBCDC9 /* OOPs Exception Handling */,
				63D6E8E7273944F20099DFD2 /* Friend Class */,
				63D6E8F2273945FD0099DFD2 /* Teaching Strings */,
				633CD04B274A5E06007E630B /* OOPs Lab - Library Management System */,
			);
			name = Products;
			sourceTree = "<group>";
		};
		63D3FCE826F9E4C3007B1F18 /* OOPs Lab Assignment - 7 */ = {
			isa = PBXGroup;
			children = (
				63699FEF270C547E006BD490 /* main.cpp */,
			);
			path = "OOPs Lab Assignment - 7";
			sourceTree = "<group>";
		};
		63D6E8E8273944F20099DFD2 /* Friend Class */ = {
			isa = PBXGroup;
			children = (
				63D6E8E9273944F20099DFD2 /* main.cpp */,
			);
			path = "Friend Class";
			sourceTree = "<group>";
		};
		63D6E8F3273945FD0099DFD2 /* Teaching Strings */ = {
			isa = PBXGroup;
			children = (
				63D6E8F4273945FD0099DFD2 /* main.cpp */,
			);
			path = "Teaching Strings";
			sourceTree = "<group>";
		};
		63EDC11426DE3F520044A75C /* OOPs Lab Assignment - 3 */ = {
			isa = PBXGroup;
			children = (
				63EDC11526DE3F520044A75C /* main.cpp */,
			);
			path = "OOPs Lab Assignment - 3";
			sourceTree = "<group>";
		};
		63EDC11F26DE4BAC0044A75C /* OOPs Lab Assignment - 4 */ = {
			isa = PBXGroup;
			children = (
				63EDC12026DE4BAC0044A75C /* main.cpp */,
			);
			path = "OOPs Lab Assignment - 4";
			sourceTree = "<group>";
		};
		63F6C7D226BD311900ECDC1B /* OOPs Assignment - 1 */ = {
			isa = PBXGroup;
			children = (
				63F6C7D326BD311900ECDC1B /* 1.cpp */,
			);
			path = "OOPs Assignment - 1";
			sourceTree = "<group>";
		};
		63F6C7DF26BD433100ECDC1B /* OOPs Assignment - 2 */ = {
			isa = PBXGroup;
			children = (
				63F6C7E026BD433100ECDC1B /* 2.cpp */,
			);
			path = "OOPs Assignment - 2";
			sourceTree = "<group>";
		};
/* End PBXGroup section */

/* Begin PBXNativeTarget section */
		6309976B26E7CD370032D9BB /* Class Implement */ = {
			isa = PBXNativeTarget;
			buildConfigurationList = 6309977226E7CD370032D9BB /* Build configuration list for PBXNativeTarget "Class Implement" */;
			buildPhases = (
				6309976826E7CD370032D9BB /* Sources */,
				6309976926E7CD370032D9BB /* Frameworks */,
				6309976A26E7CD370032D9BB /* CopyFiles */,
			);
			buildRules = (
			);
			dependencies = (
			);
			name = "Class Implement";
			productName = "Class Implement";
			productReference = 6309976C26E7CD370032D9BB /* Class Implement */;
			productType = "com.apple.product-type.tool";
		};
		631A69F526F332140021AFAC /* OOPS Assignment - 4 */ = {
			isa = PBXNativeTarget;
			buildConfigurationList = 631A69FC26F332140021AFAC /* Build configuration list for PBXNativeTarget "OOPS Assignment - 4" */;
			buildPhases = (
				631A69F226F332140021AFAC /* Sources */,
				631A69F326F332140021AFAC /* Frameworks */,
				631A69F426F332140021AFAC /* CopyFiles */,
			);
			buildRules = (
			);
			dependencies = (
			);
			name = "OOPS Assignment - 4";
			productName = "OOPS Assignment - 4";
			productReference = 631A69F626F332140021AFAC /* OOPS Assignment - 4 */;
			productType = "com.apple.product-type.tool";
		};
		632CCB5E26E0B922009651F5 /* Area Fxn Overloading */ = {
			isa = PBXNativeTarget;
			buildConfigurationList = 632CCB6526E0B922009651F5 /* Build configuration list for PBXNativeTarget "Area Fxn Overloading" */;
			buildPhases = (
				632CCB5B26E0B922009651F5 /* Sources */,
				632CCB5C26E0B922009651F5 /* Frameworks */,
				632CCB5D26E0B922009651F5 /* CopyFiles */,
			);
			buildRules = (
			);
			dependencies = (
			);
			name = "Area Fxn Overloading";
			productName = "Area Fxn Overloading";
			productReference = 632CCB5F26E0B922009651F5 /* Area Fxn Overloading */;
			productType = "com.apple.product-type.tool";
		};
		633CD04A274A5E06007E630B /* OOPs Lab - Library Management System */ = {
			isa = PBXNativeTarget;
			buildConfigurationList = 633CD04F274A5E06007E630B /* Build configuration list for PBXNativeTarget "OOPs Lab - Library Management System" */;
			buildPhases = (
				633CD047274A5E06007E630B /* Sources */,
				633CD048274A5E06007E630B /* Frameworks */,
				633CD049274A5E06007E630B /* CopyFiles */,
			);
			buildRules = (
			);
			dependencies = (
			);
			name = "OOPs Lab - Library Management System";
			productName = "OOPs Lab - Library Management System";
			productReference = 633CD04B274A5E06007E630B /* OOPs Lab - Library Management System */;
			productType = "com.apple.product-type.tool";
		};
		6348D6EB2618B02C0043E773 /* TEST */ = {
			isa = PBXNativeTarget;
			buildConfigurationList = 6348D6F22618B02C0043E773 /* Build configuration list for PBXNativeTarget "TEST" */;
			buildPhases = (
				6348D6E82618B02C0043E773 /* Sources */,
				6348D6E92618B02C0043E773 /* Frameworks */,
				6348D6EA2618B02C0043E773 /* CopyFiles */,
			);
			buildRules = (
			);
			dependencies = (
			);
			name = TEST;
			productName = TEST;
			productReference = 6348D6EC2618B02C0043E773 /* TEST */;
			productType = "com.apple.product-type.tool";
		};
		637262C0271E070E003A85BE /* Test - 2 */ = {
			isa = PBXNativeTarget;
			buildConfigurationList = 637262C7271E070E003A85BE /* Build configuration list for PBXNativeTarget "Test - 2" */;
			buildPhases = (
				637262BD271E070E003A85BE /* Sources */,
				637262BE271E070E003A85BE /* Frameworks */,
				637262BF271E070E003A85BE /* CopyFiles */,
			);
			buildRules = (
			);
			dependencies = (
			);
			name = "Test - 2";
			productName = "Test - 2";
			productReference = 637262C1271E070E003A85BE /* Test - 2 */;
			productType = "com.apple.product-type.tool";
		};
		6377DAC9272697C400BBCDC9 /* OOPs Exception Handling */ = {
			isa = PBXNativeTarget;
			buildConfigurationList = 6377DAD0272697C400BBCDC9 /* Build configuration list for PBXNativeTarget "OOPs Exception Handling" */;
			buildPhases = (
				6377DAC6272697C400BBCDC9 /* Sources */,
				6377DAC7272697C400BBCDC9 /* Frameworks */,
				6377DAC8272697C400BBCDC9 /* CopyFiles */,
			);
			buildRules = (
			);
			dependencies = (
			);
			name = "OOPs Exception Handling";
			productName = "OOPs Exception Handling";
			productReference = 6377DACA272697C400BBCDC9 /* OOPs Exception Handling */;
			productType = "com.apple.product-type.tool";
		};
		637B8C1F271EB1E500960D53 /* Test - 3 */ = {
			isa = PBXNativeTarget;
			buildConfigurationList = 637B8C26271EB1E500960D53 /* Build configuration list for PBXNativeTarget "Test - 3" */;
			buildPhases = (
				637B8C1C271EB1E500960D53 /* Sources */,
				637B8C1D271EB1E500960D53 /* Frameworks */,
				637B8C1E271EB1E500960D53 /* CopyFiles */,
			);
			buildRules = (
			);
			dependencies = (
			);
			name = "Test - 3";
			productName = "Test - 3";
			productReference = 637B8C20271EB1E500960D53 /* Test - 3 */;
			productType = "com.apple.product-type.tool";
		};
		639ED63826F33148008A8931 /* OOPs Assignment - 4 */ = {
			isa = PBXNativeTarget;
			buildConfigurationList = 639ED63F26F33148008A8931 /* Build configuration list for PBXNativeTarget "OOPs Assignment - 4" */;
			buildPhases = (
				639ED63526F33148008A8931 /* Sources */,
				639ED63626F33148008A8931 /* Frameworks */,
				639ED63726F33148008A8931 /* CopyFiles */,
			);
			buildRules = (
			);
			dependencies = (
			);
			name = "OOPs Assignment - 4";
			productName = "OOPs Assignment - 4";
			productReference = 639ED63926F33148008A8931 /* OOPs Assignment - 4 */;
			productType = "com.apple.product-type.tool";
		};
		639F3E7F27031E7700594DCF /* Class Test OOPs */ = {
			isa = PBXNativeTarget;
			buildConfigurationList = 639F3E8627031E7700594DCF /* Build configuration list for PBXNativeTarget "Class Test OOPs" */;
			buildPhases = (
				639F3E7C27031E7700594DCF /* Sources */,
				639F3E7D27031E7700594DCF /* Frameworks */,
				639F3E7E27031E7700594DCF /* CopyFiles */,
			);
			buildRules = (
			);
			dependencies = (
			);
			name = "Class Test OOPs";
			productName = "Class Test OOPs";
			productReference = 639F3E8027031E7700594DCF /* Class Test OOPs */;
			productType = "com.apple.product-type.tool";
		};
		639F3E952703DDCC00594DCF /* Test-1 */ = {
			isa = PBXNativeTarget;
			buildConfigurationList = 639F3E9C2703DDCC00594DCF /* Build configuration list for PBXNativeTarget "Test-1" */;
			buildPhases = (
				639F3E922703DDCC00594DCF /* Sources */,
				639F3E932703DDCC00594DCF /* Frameworks */,
				639F3E942703DDCC00594DCF /* CopyFiles */,
			);
			buildRules = (
			);
			dependencies = (
			);
			name = "Test-1";
			productName = "Test-1";
			productReference = 639F3E962703DDCC00594DCF /* Test-1 */;
			productType = "com.apple.product-type.tool";
		};
		63AF3F2626D4F4C00055AD88 /* OOPs Lab Assignment - 2 */ = {
			isa = PBXNativeTarget;
			buildConfigurationList = 63AF3F2D26D4F4C00055AD88 /* Build configuration list for PBXNativeTarget "OOPs Lab Assignment - 2" */;
			buildPhases = (
				63AF3F2326D4F4C00055AD88 /* Sources */,
				63AF3F2426D4F4C00055AD88 /* Frameworks */,
				63AF3F2526D4F4C00055AD88 /* CopyFiles */,
			);
			buildRules = (
			);
			dependencies = (
			);
			name = "OOPs Lab Assignment - 2";
			productName = "OOPs Lab Assignment - 2";
			productReference = 63AF3F2726D4F4C00055AD88 /* OOPs Lab Assignment - 2 */;
			productType = "com.apple.product-type.tool";
		};
		63C1C59826D8D33200D3579D /* OOPs Assignment - 3 */ = {
			isa = PBXNativeTarget;
			buildConfigurationList = 63C1C59F26D8D33200D3579D /* Build configuration list for PBXNativeTarget "OOPs Assignment - 3" */;
			buildPhases = (
				63C1C59526D8D33200D3579D /* Sources */,
				63C1C59626D8D33200D3579D /* Frameworks */,
				63C1C59726D8D33200D3579D /* CopyFiles */,
			);
			buildRules = (
			);
			dependencies = (
			);
			name = "OOPs Assignment - 3";
			productName = "OOPs Assignment - 3";
			productReference = 63C1C59926D8D33200D3579D /* OOPs Assignment - 3 */;
			productType = "com.apple.product-type.tool";
		};
		63C3753B2715903A00FD4329 /* Class Test OOPs - 2 */ = {
			isa = PBXNativeTarget;
			buildConfigurationList = 63C375422715903A00FD4329 /* Build configuration list for PBXNativeTarget "Class Test OOPs - 2" */;
			buildPhases = (
				63C375382715903A00FD4329 /* Sources */,
				63C375392715903A00FD4329 /* Frameworks */,
				63C3753A2715903A00FD4329 /* CopyFiles */,
			);
			buildRules = (
			);
			dependencies = (
			);
			name = "Class Test OOPs - 2";
			productName = "Class Test OOPs - 2";
			productReference = 63C3753C2715903A00FD4329 /* Class Test OOPs - 2 */;
			productType = "com.apple.product-type.tool";
		};
		63CF7B9525A747B900C27E74 /* C++ Programing */ = {
			isa = PBXNativeTarget;
			buildConfigurationList = 63CF7B9D25A747B900C27E74 /* Build configuration list for PBXNativeTarget "C++ Programing" */;
			buildPhases = (
				63CF7B9225A747B900C27E74 /* Sources */,
				63CF7B9325A747B900C27E74 /* Frameworks */,
				63CF7B9425A747B900C27E74 /* CopyFiles */,
			);
			buildRules = (
			);
			dependencies = (
			);
			name = "C++ Programing";
			productName = "C++ Programing";
			productReference = 63CF7B9625A747B900C27E74 /* C++ Programing */;
			productType = "com.apple.product-type.tool";
		};
		63D3FCE626F9E4C3007B1F18 /* OOPs Lab Assignment - 7 */ = {
			isa = PBXNativeTarget;
			buildConfigurationList = 63D3FCED26F9E4C3007B1F18 /* Build configuration list for PBXNativeTarget "OOPs Lab Assignment - 7" */;
			buildPhases = (
				63D3FCE326F9E4C3007B1F18 /* Sources */,
				63D3FCE426F9E4C3007B1F18 /* Frameworks */,
				63D3FCE526F9E4C3007B1F18 /* CopyFiles */,
			);
			buildRules = (
			);
			dependencies = (
			);
			name = "OOPs Lab Assignment - 7";
			productName = "OOPs Lab Assignment - 7";
			productReference = 63D3FCE726F9E4C3007B1F18 /* OOPs Lab Assignment - 7 */;
			productType = "com.apple.product-type.tool";
		};
		63D6E8E6273944F20099DFD2 /* Friend Class */ = {
			isa = PBXNativeTarget;
			buildConfigurationList = 63D6E8ED273944F20099DFD2 /* Build configuration list for PBXNativeTarget "Friend Class" */;
			buildPhases = (
				63D6E8E3273944F20099DFD2 /* Sources */,
				63D6E8E4273944F20099DFD2 /* Frameworks */,
				63D6E8E5273944F20099DFD2 /* CopyFiles */,
			);
			buildRules = (
			);
			dependencies = (
			);
			name = "Friend Class";
			productName = "Friend Class";
			productReference = 63D6E8E7273944F20099DFD2 /* Friend Class */;
			productType = "com.apple.product-type.tool";
		};
		63D6E8F1273945FD0099DFD2 /* Teaching Strings */ = {
			isa = PBXNativeTarget;
			buildConfigurationList = 63D6E8F6273945FD0099DFD2 /* Build configuration list for PBXNativeTarget "Teaching Strings" */;
			buildPhases = (
				63D6E8EE273945FD0099DFD2 /* Sources */,
				63D6E8EF273945FD0099DFD2 /* Frameworks */,
				63D6E8F0273945FD0099DFD2 /* CopyFiles */,
			);
			buildRules = (
			);
			dependencies = (
			);
			name = "Teaching Strings";
			productName = "Teaching Strings";
			productReference = 63D6E8F2273945FD0099DFD2 /* Teaching Strings */;
			productType = "com.apple.product-type.tool";
		};
		63EDC11226DE3F520044A75C /* OOPs Lab Assignment - 3 */ = {
			isa = PBXNativeTarget;
			buildConfigurationList = 63EDC11926DE3F520044A75C /* Build configuration list for PBXNativeTarget "OOPs Lab Assignment - 3" */;
			buildPhases = (
				63EDC10F26DE3F520044A75C /* Sources */,
				63EDC11026DE3F520044A75C /* Frameworks */,
				63EDC11126DE3F520044A75C /* CopyFiles */,
			);
			buildRules = (
			);
			dependencies = (
			);
			name = "OOPs Lab Assignment - 3";
			productName = "OOPs Lab Assignment - 3";
			productReference = 63EDC11326DE3F520044A75C /* OOPs Lab Assignment - 3 */;
			productType = "com.apple.product-type.tool";
		};
		63EDC11D26DE4BAC0044A75C /* OOPs Lab Assignment - 4 */ = {
			isa = PBXNativeTarget;
			buildConfigurationList = 63EDC12226DE4BAC0044A75C /* Build configuration list for PBXNativeTarget "OOPs Lab Assignment - 4" */;
			buildPhases = (
				63EDC11A26DE4BAC0044A75C /* Sources */,
				63EDC11B26DE4BAC0044A75C /* Frameworks */,
				63EDC11C26DE4BAC0044A75C /* CopyFiles */,
			);
			buildRules = (
			);
			dependencies = (
			);
			name = "OOPs Lab Assignment - 4";
			productName = "OOPs Lab Assignment - 4";
			productReference = 63EDC11E26DE4BAC0044A75C /* OOPs Lab Assignment - 4 */;
			productType = "com.apple.product-type.tool";
		};
		63F6C7BA26BD28ED00ECDC1B /* Class Assignment */ = {
			isa = PBXNativeTarget;
			buildConfigurationList = 63F6C7C126BD28ED00ECDC1B /* Build configuration list for PBXNativeTarget "Class Assignment" */;
			buildPhases = (
				63F6C7B726BD28ED00ECDC1B /* Sources */,
				63F6C7B826BD28ED00ECDC1B /* Frameworks */,
				63F6C7B926BD28ED00ECDC1B /* CopyFiles */,
			);
			buildRules = (
			);
			dependencies = (
			);
			name = "Class Assignment";
			productName = "Class Assignment";
			productReference = 63F6C7BB26BD28ED00ECDC1B /* Class Assignment */;
			productType = "com.apple.product-type.tool";
		};
		63F6C7D026BD311900ECDC1B /* Class Assignments */ = {
			isa = PBXNativeTarget;
			buildConfigurationList = 63F6C7D526BD311900ECDC1B /* Build configuration list for PBXNativeTarget "Class Assignments" */;
			buildPhases = (
				63F6C7CD26BD311900ECDC1B /* Sources */,
				63F6C7CE26BD311900ECDC1B /* Frameworks */,
				63F6C7CF26BD311900ECDC1B /* CopyFiles */,
			);
			buildRules = (
			);
			dependencies = (
			);
			name = "Class Assignments";
			productName = "Class Assignments";
			productReference = 63F6C7D126BD311900ECDC1B /* Class Assignments */;
			productType = "com.apple.product-type.tool";
		};
		63F6C7DD26BD433100ECDC1B /* OOPs Assignment - 2 */ = {
			isa = PBXNativeTarget;
			buildConfigurationList = 63F6C7E226BD433100ECDC1B /* Build configuration list for PBXNativeTarget "OOPs Assignment - 2" */;
			buildPhases = (
				63F6C7DA26BD433100ECDC1B /* Sources */,
				63F6C7DB26BD433100ECDC1B /* Frameworks */,
				63F6C7DC26BD433100ECDC1B /* CopyFiles */,
			);
			buildRules = (
			);
			dependencies = (
			);
			name = "OOPs Assignment - 2";
			productName = "OOPs Assignment - 2";
			productReference = 63F6C7DE26BD433100ECDC1B /* OOPs Assignment - 2 */;
			productType = "com.apple.product-type.tool";
		};
/* End PBXNativeTarget section */

/* Begin PBXProject section */
		63CF7B8E25A747B900C27E74 /* Project object */ = {
			isa = PBXProject;
			attributes = {
				LastUpgradeCheck = 1300;
				TargetAttributes = {
					6309976B26E7CD370032D9BB = {
						CreatedOnToolsVersion = 12.5.1;
					};
					631A69F526F332140021AFAC = {
						CreatedOnToolsVersion = 12.5.1;
					};
					632CCB5E26E0B922009651F5 = {
						CreatedOnToolsVersion = 12.5.1;
					};
					633CD04A274A5E06007E630B = {
						CreatedOnToolsVersion = 13.1;
					};
					6348D6EB2618B02C0043E773 = {
						CreatedOnToolsVersion = 12.4;
					};
					637262C0271E070E003A85BE = {
						CreatedOnToolsVersion = 13.0;
					};
					6377DAC9272697C400BBCDC9 = {
						CreatedOnToolsVersion = 13.0;
					};
					637B8C1F271EB1E500960D53 = {
						CreatedOnToolsVersion = 13.0;
					};
					639ED63826F33148008A8931 = {
						CreatedOnToolsVersion = 12.5.1;
					};
					639F3E7F27031E7700594DCF = {
						CreatedOnToolsVersion = 13.0;
					};
					639F3E952703DDCC00594DCF = {
						CreatedOnToolsVersion = 13.0;
					};
					63AF3F2626D4F4C00055AD88 = {
						CreatedOnToolsVersion = 12.5.1;
					};
					63C1C59826D8D33200D3579D = {
						CreatedOnToolsVersion = 12.5.1;
					};
					63C3753B2715903A00FD4329 = {
						CreatedOnToolsVersion = 13.0;
					};
					63CF7B9525A747B900C27E74 = {
						CreatedOnToolsVersion = 12.3;
					};
					63D3FCE626F9E4C3007B1F18 = {
						CreatedOnToolsVersion = 12.5.1;
					};
					63D6E8E6273944F20099DFD2 = {
						CreatedOnToolsVersion = 13.1;
					};
					63D6E8F1273945FD0099DFD2 = {
						CreatedOnToolsVersion = 13.1;
					};
					63EDC11226DE3F520044A75C = {
						CreatedOnToolsVersion = 12.5.1;
					};
					63EDC11D26DE4BAC0044A75C = {
						CreatedOnToolsVersion = 12.5.1;
					};
					63F6C7BA26BD28ED00ECDC1B = {
						CreatedOnToolsVersion = 12.5.1;
					};
					63F6C7D026BD311900ECDC1B = {
						CreatedOnToolsVersion = 12.5.1;
					};
					63F6C7DD26BD433100ECDC1B = {
						CreatedOnToolsVersion = 12.5.1;
					};
				};
			};
			buildConfigurationList = 63CF7B9125A747B900C27E74 /* Build configuration list for PBXProject "C++ Programing" */;
			compatibilityVersion = "Xcode 9.3";
			developmentRegion = en;
			hasScannedForEncodings = 0;
			knownRegions = (
				en,
				Base,
			);
			mainGroup = 63CF7B8D25A747B900C27E74;
			productRefGroup = 63CF7B9725A747B900C27E74 /* Products */;
			projectDirPath = "";
			projectRoot = "";
			targets = (
				63CF7B9525A747B900C27E74 /* C++ Programing */,
				6348D6EB2618B02C0043E773 /* TEST */,
				63F6C7BA26BD28ED00ECDC1B /* Class Assignment */,
				63F6C7D026BD311900ECDC1B /* Class Assignments */,
				63F6C7DD26BD433100ECDC1B /* OOPs Assignment - 2 */,
				63AF3F2626D4F4C00055AD88 /* OOPs Lab Assignment - 2 */,
				63C1C59826D8D33200D3579D /* OOPs Assignment - 3 */,
				63EDC11226DE3F520044A75C /* OOPs Lab Assignment - 3 */,
				63EDC11D26DE4BAC0044A75C /* OOPs Lab Assignment - 4 */,
				632CCB5E26E0B922009651F5 /* Area Fxn Overloading */,
				6309976B26E7CD370032D9BB /* Class Implement */,
				639ED63826F33148008A8931 /* OOPs Assignment - 4 */,
				631A69F526F332140021AFAC /* OOPS Assignment - 4 */,
				63D3FCE626F9E4C3007B1F18 /* OOPs Lab Assignment - 7 */,
				639F3E7F27031E7700594DCF /* Class Test OOPs */,
				639F3E952703DDCC00594DCF /* Test-1 */,
				63C3753B2715903A00FD4329 /* Class Test OOPs - 2 */,
				637262C0271E070E003A85BE /* Test - 2 */,
				637B8C1F271EB1E500960D53 /* Test - 3 */,
				6377DAC9272697C400BBCDC9 /* OOPs Exception Handling */,
				63D6E8E6273944F20099DFD2 /* Friend Class */,
				63D6E8F1273945FD0099DFD2 /* Teaching Strings */,
				633CD04A274A5E06007E630B /* OOPs Lab - Library Management System */,
			);
		};
/* End PBXProject section */

/* Begin PBXSourcesBuildPhase section */
		6309976826E7CD370032D9BB /* Sources */ = {
			isa = PBXSourcesBuildPhase;
			buildActionMask = 2147483647;
			files = (
				6309976F26E7CD370032D9BB /* main.cpp in Sources */,
			);
			runOnlyForDeploymentPostprocessing = 0;
		};
		631A69F226F332140021AFAC /* Sources */ = {
			isa = PBXSourcesBuildPhase;
			buildActionMask = 2147483647;
			files = (
				631A69F926F332140021AFAC /* main.cpp in Sources */,
			);
			runOnlyForDeploymentPostprocessing = 0;
		};
		632CCB5B26E0B922009651F5 /* Sources */ = {
			isa = PBXSourcesBuildPhase;
			buildActionMask = 2147483647;
			files = (
				632CCB6226E0B922009651F5 /* main.cpp in Sources */,
			);
			runOnlyForDeploymentPostprocessing = 0;
		};
		633CD047274A5E06007E630B /* Sources */ = {
			isa = PBXSourcesBuildPhase;
			buildActionMask = 2147483647;
			files = (
				633CD04E274A5E06007E630B /* main.cpp in Sources */,
			);
			runOnlyForDeploymentPostprocessing = 0;
		};
		6348D6E82618B02C0043E773 /* Sources */ = {
			isa = PBXSourcesBuildPhase;
			buildActionMask = 2147483647;
			files = (
			);
			runOnlyForDeploymentPostprocessing = 0;
		};
		637262BD271E070E003A85BE /* Sources */ = {
			isa = PBXSourcesBuildPhase;
			buildActionMask = 2147483647;
			files = (
				637262C4271E070E003A85BE /* main.cpp in Sources */,
			);
			runOnlyForDeploymentPostprocessing = 0;
		};
		6377DAC6272697C400BBCDC9 /* Sources */ = {
			isa = PBXSourcesBuildPhase;
			buildActionMask = 2147483647;
			files = (
				6377DACD272697C400BBCDC9 /* main.cpp in Sources */,
			);
			runOnlyForDeploymentPostprocessing = 0;
		};
		637B8C1C271EB1E500960D53 /* Sources */ = {
			isa = PBXSourcesBuildPhase;
			buildActionMask = 2147483647;
			files = (
				637B8C23271EB1E500960D53 /* main.cpp in Sources */,
			);
			runOnlyForDeploymentPostprocessing = 0;
		};
		639ED63526F33148008A8931 /* Sources */ = {
			isa = PBXSourcesBuildPhase;
			buildActionMask = 2147483647;
			files = (
			);
			runOnlyForDeploymentPostprocessing = 0;
		};
		639F3E7C27031E7700594DCF /* Sources */ = {
			isa = PBXSourcesBuildPhase;
			buildActionMask = 2147483647;
			files = (
				639F3E8327031E7700594DCF /* main.cpp in Sources */,
			);
			runOnlyForDeploymentPostprocessing = 0;
		};
		639F3E922703DDCC00594DCF /* Sources */ = {
			isa = PBXSourcesBuildPhase;
			buildActionMask = 2147483647;
			files = (
				639F3E992703DDCC00594DCF /* main.cpp in Sources */,
			);
			runOnlyForDeploymentPostprocessing = 0;
		};
		63AF3F2326D4F4C00055AD88 /* Sources */ = {
			isa = PBXSourcesBuildPhase;
			buildActionMask = 2147483647;
			files = (
				63AF3F2A26D4F4C00055AD88 /* Lab - 2.cpp in Sources */,
			);
			runOnlyForDeploymentPostprocessing = 0;
		};
		63C1C59526D8D33200D3579D /* Sources */ = {
			isa = PBXSourcesBuildPhase;
			buildActionMask = 2147483647;
			files = (
				63C1C59C26D8D33200D3579D /* 3.cpp in Sources */,
			);
			runOnlyForDeploymentPostprocessing = 0;
		};
		63C375382715903A00FD4329 /* Sources */ = {
			isa = PBXSourcesBuildPhase;
			buildActionMask = 2147483647;
			files = (
				63C3753F2715903A00FD4329 /* main.cpp in Sources */,
			);
			runOnlyForDeploymentPostprocessing = 0;
		};
		63CF7B9225A747B900C27E74 /* Sources */ = {
			isa = PBXSourcesBuildPhase;
			buildActionMask = 2147483647;
			files = (
			);
			runOnlyForDeploymentPostprocessing = 0;
		};
		63D3FCE326F9E4C3007B1F18 /* Sources */ = {
			isa = PBXSourcesBuildPhase;
			buildActionMask = 2147483647;
			files = (
				63699FF1270C547E006BD490 /* main.cpp in Sources */,
			);
			runOnlyForDeploymentPostprocessing = 0;
		};
		63D6E8E3273944F20099DFD2 /* Sources */ = {
			isa = PBXSourcesBuildPhase;
			buildActionMask = 2147483647;
			files = (
				63D6E8EA273944F20099DFD2 /* main.cpp in Sources */,
			);
			runOnlyForDeploymentPostprocessing = 0;
		};
		63D6E8EE273945FD0099DFD2 /* Sources */ = {
			isa = PBXSourcesBuildPhase;
			buildActionMask = 2147483647;
			files = (
				63D6E8F5273945FD0099DFD2 /* main.cpp in Sources */,
			);
			runOnlyForDeploymentPostprocessing = 0;
		};
		63EDC10F26DE3F520044A75C /* Sources */ = {
			isa = PBXSourcesBuildPhase;
			buildActionMask = 2147483647;
			files = (
				63EDC11626DE3F520044A75C /* main.cpp in Sources */,
			);
			runOnlyForDeploymentPostprocessing = 0;
		};
		63EDC11A26DE4BAC0044A75C /* Sources */ = {
			isa = PBXSourcesBuildPhase;
			buildActionMask = 2147483647;
			files = (
				63EDC12126DE4BAC0044A75C /* main.cpp in Sources */,
			);
			runOnlyForDeploymentPostprocessing = 0;
		};
		63F6C7B726BD28ED00ECDC1B /* Sources */ = {
			isa = PBXSourcesBuildPhase;
			buildActionMask = 2147483647;
			files = (
			);
			runOnlyForDeploymentPostprocessing = 0;
		};
		63F6C7CD26BD311900ECDC1B /* Sources */ = {
			isa = PBXSourcesBuildPhase;
			buildActionMask = 2147483647;
			files = (
				63F6C7D426BD311900ECDC1B /* 1.cpp in Sources */,
			);
			runOnlyForDeploymentPostprocessing = 0;
		};
		63F6C7DA26BD433100ECDC1B /* Sources */ = {
			isa = PBXSourcesBuildPhase;
			buildActionMask = 2147483647;
			files = (
				63F6C7E126BD433100ECDC1B /* 2.cpp in Sources */,
			);
			runOnlyForDeploymentPostprocessing = 0;
		};
/* End PBXSourcesBuildPhase section */

/* Begin XCBuildConfiguration section */
		6309977026E7CD370032D9BB /* Debug */ = {
			isa = XCBuildConfiguration;
			buildSettings = {
				CODE_SIGN_IDENTITY = "-";
				CODE_SIGN_STYLE = Automatic;
				MACOSX_DEPLOYMENT_TARGET = 11.3;
				PRODUCT_NAME = "$(TARGET_NAME)";
			};
			name = Debug;
		};
		6309977126E7CD370032D9BB /* Release */ = {
			isa = XCBuildConfiguration;
			buildSettings = {
				CODE_SIGN_IDENTITY = "-";
				CODE_SIGN_STYLE = Automatic;
				MACOSX_DEPLOYMENT_TARGET = 11.3;
				PRODUCT_NAME = "$(TARGET_NAME)";
			};
			name = Release;
		};
		631A69FA26F332140021AFAC /* Debug */ = {
			isa = XCBuildConfiguration;
			buildSettings = {
				CODE_SIGN_IDENTITY = "-";
				CODE_SIGN_STYLE = Automatic;
				MACOSX_DEPLOYMENT_TARGET = 11.3;
				PRODUCT_NAME = "$(TARGET_NAME)";
			};
			name = Debug;
		};
		631A69FB26F332140021AFAC /* Release */ = {
			isa = XCBuildConfiguration;
			buildSettings = {
				CODE_SIGN_IDENTITY = "-";
				CODE_SIGN_STYLE = Automatic;
				MACOSX_DEPLOYMENT_TARGET = 11.3;
				PRODUCT_NAME = "$(TARGET_NAME)";
			};
			name = Release;
		};
		632CCB6326E0B922009651F5 /* Debug */ = {
			isa = XCBuildConfiguration;
			buildSettings = {
				CODE_SIGN_IDENTITY = "-";
				CODE_SIGN_STYLE = Automatic;
				MACOSX_DEPLOYMENT_TARGET = 11.3;
				PRODUCT_NAME = "$(TARGET_NAME)";
			};
			name = Debug;
		};
		632CCB6426E0B922009651F5 /* Release */ = {
			isa = XCBuildConfiguration;
			buildSettings = {
				CODE_SIGN_IDENTITY = "-";
				CODE_SIGN_STYLE = Automatic;
				MACOSX_DEPLOYMENT_TARGET = 11.3;
				PRODUCT_NAME = "$(TARGET_NAME)";
			};
			name = Release;
		};
		633CD050274A5E06007E630B /* Debug */ = {
			isa = XCBuildConfiguration;
			buildSettings = {
				CLANG_CXX_LANGUAGE_STANDARD = "gnu++17";
				CODE_SIGN_STYLE = Automatic;
				MACOSX_DEPLOYMENT_TARGET = 12.0;
				PRODUCT_NAME = "$(TARGET_NAME)";
			};
			name = Debug;
		};
		633CD051274A5E06007E630B /* Release */ = {
			isa = XCBuildConfiguration;
			buildSettings = {
				CLANG_CXX_LANGUAGE_STANDARD = "gnu++17";
				CODE_SIGN_STYLE = Automatic;
				MACOSX_DEPLOYMENT_TARGET = 12.0;
				PRODUCT_NAME = "$(TARGET_NAME)";
			};
			name = Release;
		};
		6348D6F02618B02C0043E773 /* Debug */ = {
			isa = XCBuildConfiguration;
			buildSettings = {
				CODE_SIGN_IDENTITY = "-";
				CODE_SIGN_STYLE = Automatic;
				PRODUCT_NAME = "$(TARGET_NAME)";
			};
			name = Debug;
		};
		6348D6F12618B02C0043E773 /* Release */ = {
			isa = XCBuildConfiguration;
			buildSettings = {
				CODE_SIGN_IDENTITY = "-";
				CODE_SIGN_STYLE = Automatic;
				PRODUCT_NAME = "$(TARGET_NAME)";
			};
			name = Release;
		};
		637262C5271E070E003A85BE /* Debug */ = {
			isa = XCBuildConfiguration;
			buildSettings = {
				CLANG_CXX_LANGUAGE_STANDARD = "gnu++17";
				CODE_SIGN_STYLE = Automatic;
				MACOSX_DEPLOYMENT_TARGET = 11.3;
				PRODUCT_NAME = "$(TARGET_NAME)";
			};
			name = Debug;
		};
		637262C6271E070E003A85BE /* Release */ = {
			isa = XCBuildConfiguration;
			buildSettings = {
				CLANG_CXX_LANGUAGE_STANDARD = "gnu++17";
				CODE_SIGN_STYLE = Automatic;
				MACOSX_DEPLOYMENT_TARGET = 11.3;
				PRODUCT_NAME = "$(TARGET_NAME)";
			};
			name = Release;
		};
		6377DACE272697C400BBCDC9 /* Debug */ = {
			isa = XCBuildConfiguration;
			buildSettings = {
				CLANG_CXX_LANGUAGE_STANDARD = "gnu++17";
				CODE_SIGN_STYLE = Automatic;
				MACOSX_DEPLOYMENT_TARGET = 11.3;
				PRODUCT_NAME = "$(TARGET_NAME)";
			};
			name = Debug;
		};
		6377DACF272697C400BBCDC9 /* Release */ = {
			isa = XCBuildConfiguration;
			buildSettings = {
				CLANG_CXX_LANGUAGE_STANDARD = "gnu++17";
				CODE_SIGN_STYLE = Automatic;
				MACOSX_DEPLOYMENT_TARGET = 11.3;
				PRODUCT_NAME = "$(TARGET_NAME)";
			};
			name = Release;
		};
		637B8C24271EB1E500960D53 /* Debug */ = {
			isa = XCBuildConfiguration;
			buildSettings = {
				CLANG_CXX_LANGUAGE_STANDARD = "gnu++17";
				CODE_SIGN_STYLE = Automatic;
				MACOSX_DEPLOYMENT_TARGET = 11.3;
				PRODUCT_NAME = "$(TARGET_NAME)";
			};
			name = Debug;
		};
		637B8C25271EB1E500960D53 /* Release */ = {
			isa = XCBuildConfiguration;
			buildSettings = {
				CLANG_CXX_LANGUAGE_STANDARD = "gnu++17";
				CODE_SIGN_STYLE = Automatic;
				MACOSX_DEPLOYMENT_TARGET = 11.3;
				PRODUCT_NAME = "$(TARGET_NAME)";
			};
			name = Release;
		};
		639ED63D26F33148008A8931 /* Debug */ = {
			isa = XCBuildConfiguration;
			buildSettings = {
				CODE_SIGN_IDENTITY = "-";
				CODE_SIGN_STYLE = Automatic;
				MACOSX_DEPLOYMENT_TARGET = 11.3;
				PRODUCT_NAME = "$(TARGET_NAME)";
			};
			name = Debug;
		};
		639ED63E26F33148008A8931 /* Release */ = {
			isa = XCBuildConfiguration;
			buildSettings = {
				CODE_SIGN_IDENTITY = "-";
				CODE_SIGN_STYLE = Automatic;
				MACOSX_DEPLOYMENT_TARGET = 11.3;
				PRODUCT_NAME = "$(TARGET_NAME)";
			};
			name = Release;
		};
		639F3E8427031E7700594DCF /* Debug */ = {
			isa = XCBuildConfiguration;
			buildSettings = {
				CLANG_CXX_LANGUAGE_STANDARD = "gnu++17";
				CODE_SIGN_IDENTITY = "-";
				CODE_SIGN_STYLE = Automatic;
				MACOSX_DEPLOYMENT_TARGET = 11.3;
				PRODUCT_NAME = "$(TARGET_NAME)";
			};
			name = Debug;
		};
		639F3E8527031E7700594DCF /* Release */ = {
			isa = XCBuildConfiguration;
			buildSettings = {
				CLANG_CXX_LANGUAGE_STANDARD = "gnu++17";
				CODE_SIGN_IDENTITY = "-";
				CODE_SIGN_STYLE = Automatic;
				MACOSX_DEPLOYMENT_TARGET = 11.3;
				PRODUCT_NAME = "$(TARGET_NAME)";
			};
			name = Release;
		};
		639F3E9A2703DDCC00594DCF /* Debug */ = {
			isa = XCBuildConfiguration;
			buildSettings = {
				CLANG_CXX_LANGUAGE_STANDARD = "gnu++17";
				CODE_SIGN_IDENTITY = "-";
				CODE_SIGN_STYLE = Automatic;
				MACOSX_DEPLOYMENT_TARGET = 11.3;
				PRODUCT_NAME = "$(TARGET_NAME)";
			};
			name = Debug;
		};
		639F3E9B2703DDCC00594DCF /* Release */ = {
			isa = XCBuildConfiguration;
			buildSettings = {
				CLANG_CXX_LANGUAGE_STANDARD = "gnu++17";
				CODE_SIGN_IDENTITY = "-";
				CODE_SIGN_STYLE = Automatic;
				MACOSX_DEPLOYMENT_TARGET = 11.3;
				PRODUCT_NAME = "$(TARGET_NAME)";
			};
			name = Release;
		};
		63AF3F2B26D4F4C00055AD88 /* Debug */ = {
			isa = XCBuildConfiguration;
			buildSettings = {
				CODE_SIGN_IDENTITY = "-";
				CODE_SIGN_STYLE = Automatic;
				MACOSX_DEPLOYMENT_TARGET = 11.3;
				PRODUCT_NAME = "$(TARGET_NAME)";
			};
			name = Debug;
		};
		63AF3F2C26D4F4C00055AD88 /* Release */ = {
			isa = XCBuildConfiguration;
			buildSettings = {
				CODE_SIGN_IDENTITY = "-";
				CODE_SIGN_STYLE = Automatic;
				MACOSX_DEPLOYMENT_TARGET = 11.3;
				PRODUCT_NAME = "$(TARGET_NAME)";
			};
			name = Release;
		};
		63C1C59D26D8D33200D3579D /* Debug */ = {
			isa = XCBuildConfiguration;
			buildSettings = {
				CODE_SIGN_IDENTITY = "-";
				CODE_SIGN_STYLE = Automatic;
				MACOSX_DEPLOYMENT_TARGET = 11.3;
				PRODUCT_NAME = "$(TARGET_NAME)";
			};
			name = Debug;
		};
		63C1C59E26D8D33200D3579D /* Release */ = {
			isa = XCBuildConfiguration;
			buildSettings = {
				CODE_SIGN_IDENTITY = "-";
				CODE_SIGN_STYLE = Automatic;
				MACOSX_DEPLOYMENT_TARGET = 11.3;
				PRODUCT_NAME = "$(TARGET_NAME)";
			};
			name = Release;
		};
		63C375402715903A00FD4329 /* Debug */ = {
			isa = XCBuildConfiguration;
			buildSettings = {
				CLANG_CXX_LANGUAGE_STANDARD = "gnu++17";
				CODE_SIGN_STYLE = Automatic;
				MACOSX_DEPLOYMENT_TARGET = 11.3;
				PRODUCT_NAME = "$(TARGET_NAME)";
			};
			name = Debug;
		};
		63C375412715903A00FD4329 /* Release */ = {
			isa = XCBuildConfiguration;
			buildSettings = {
				CLANG_CXX_LANGUAGE_STANDARD = "gnu++17";
				CODE_SIGN_STYLE = Automatic;
				MACOSX_DEPLOYMENT_TARGET = 11.3;
				PRODUCT_NAME = "$(TARGET_NAME)";
			};
			name = Release;
		};
		63CF7B9B25A747B900C27E74 /* Debug */ = {
			isa = XCBuildConfiguration;
			buildSettings = {
				ALWAYS_SEARCH_USER_PATHS = NO;
				CLANG_ANALYZER_NONNULL = YES;
				CLANG_ANALYZER_NUMBER_OBJECT_CONVERSION = YES_AGGRESSIVE;
				CLANG_CXX_LANGUAGE_STANDARD = "gnu++14";
				CLANG_CXX_LIBRARY = "libc++";
				CLANG_ENABLE_MODULES = YES;
				CLANG_ENABLE_OBJC_ARC = YES;
				CLANG_ENABLE_OBJC_WEAK = YES;
				CLANG_WARN_BLOCK_CAPTURE_AUTORELEASING = YES;
				CLANG_WARN_BOOL_CONVERSION = YES;
				CLANG_WARN_COMMA = YES;
				CLANG_WARN_CONSTANT_CONVERSION = YES;
				CLANG_WARN_DEPRECATED_OBJC_IMPLEMENTATIONS = YES;
				CLANG_WARN_DIRECT_OBJC_ISA_USAGE = YES_ERROR;
				CLANG_WARN_DOCUMENTATION_COMMENTS = YES;
				CLANG_WARN_EMPTY_BODY = YES;
				CLANG_WARN_ENUM_CONVERSION = YES;
				CLANG_WARN_INFINITE_RECURSION = YES;
				CLANG_WARN_INT_CONVERSION = YES;
				CLANG_WARN_NON_LITERAL_NULL_CONVERSION = YES;
				CLANG_WARN_OBJC_IMPLICIT_RETAIN_SELF = YES;
				CLANG_WARN_OBJC_LITERAL_CONVERSION = YES;
				CLANG_WARN_OBJC_ROOT_CLASS = YES_ERROR;
				CLANG_WARN_QUOTED_INCLUDE_IN_FRAMEWORK_HEADER = YES;
				CLANG_WARN_RANGE_LOOP_ANALYSIS = YES;
				CLANG_WARN_STRICT_PROTOTYPES = YES;
				CLANG_WARN_SUSPICIOUS_MOVE = YES;
				CLANG_WARN_UNGUARDED_AVAILABILITY = YES_AGGRESSIVE;
				CLANG_WARN_UNREACHABLE_CODE = YES;
				CLANG_WARN__DUPLICATE_METHOD_MATCH = YES;
				COPY_PHASE_STRIP = NO;
				DEBUG_INFORMATION_FORMAT = dwarf;
				ENABLE_STRICT_OBJC_MSGSEND = YES;
				ENABLE_TESTABILITY = YES;
				GCC_C_LANGUAGE_STANDARD = gnu11;
				GCC_DYNAMIC_NO_PIC = NO;
				GCC_NO_COMMON_BLOCKS = YES;
				GCC_OPTIMIZATION_LEVEL = 0;
				GCC_PREPROCESSOR_DEFINITIONS = (
					"DEBUG=1",
					"$(inherited)",
				);
				GCC_WARN_64_TO_32_BIT_CONVERSION = YES;
				GCC_WARN_ABOUT_RETURN_TYPE = YES_ERROR;
				GCC_WARN_UNDECLARED_SELECTOR = YES;
				GCC_WARN_UNINITIALIZED_AUTOS = YES_AGGRESSIVE;
				GCC_WARN_UNUSED_FUNCTION = YES;
				GCC_WARN_UNUSED_VARIABLE = YES;
				HEADER_SEARCH_PATHS = "";
				MACOSX_DEPLOYMENT_TARGET = 11.1;
				MTL_ENABLE_DEBUG_INFO = INCLUDE_SOURCE;
				MTL_FAST_MATH = YES;
				ONLY_ACTIVE_ARCH = YES;
				SDKROOT = macosx;
			};
			name = Debug;
		};
		63CF7B9C25A747B900C27E74 /* Release */ = {
			isa = XCBuildConfiguration;
			buildSettings = {
				ALWAYS_SEARCH_USER_PATHS = NO;
				CLANG_ANALYZER_NONNULL = YES;
				CLANG_ANALYZER_NUMBER_OBJECT_CONVERSION = YES_AGGRESSIVE;
				CLANG_CXX_LANGUAGE_STANDARD = "gnu++14";
				CLANG_CXX_LIBRARY = "libc++";
				CLANG_ENABLE_MODULES = YES;
				CLANG_ENABLE_OBJC_ARC = YES;
				CLANG_ENABLE_OBJC_WEAK = YES;
				CLANG_WARN_BLOCK_CAPTURE_AUTORELEASING = YES;
				CLANG_WARN_BOOL_CONVERSION = YES;
				CLANG_WARN_COMMA = YES;
				CLANG_WARN_CONSTANT_CONVERSION = YES;
				CLANG_WARN_DEPRECATED_OBJC_IMPLEMENTATIONS = YES;
				CLANG_WARN_DIRECT_OBJC_ISA_USAGE = YES_ERROR;
				CLANG_WARN_DOCUMENTATION_COMMENTS = YES;
				CLANG_WARN_EMPTY_BODY = YES;
				CLANG_WARN_ENUM_CONVERSION = YES;
				CLANG_WARN_INFINITE_RECURSION = YES;
				CLANG_WARN_INT_CONVERSION = YES;
				CLANG_WARN_NON_LITERAL_NULL_CONVERSION = YES;
				CLANG_WARN_OBJC_IMPLICIT_RETAIN_SELF = YES;
				CLANG_WARN_OBJC_LITERAL_CONVERSION = YES;
				CLANG_WARN_OBJC_ROOT_CLASS = YES_ERROR;
				CLANG_WARN_QUOTED_INCLUDE_IN_FRAMEWORK_HEADER = YES;
				CLANG_WARN_RANGE_LOOP_ANALYSIS = YES;
				CLANG_WARN_STRICT_PROTOTYPES = YES;
				CLANG_WARN_SUSPICIOUS_MOVE = YES;
				CLANG_WARN_UNGUARDED_AVAILABILITY = YES_AGGRESSIVE;
				CLANG_WARN_UNREACHABLE_CODE = YES;
				CLANG_WARN__DUPLICATE_METHOD_MATCH = YES;
				COPY_PHASE_STRIP = NO;
				DEBUG_INFORMATION_FORMAT = "dwarf-with-dsym";
				ENABLE_NS_ASSERTIONS = NO;
				ENABLE_STRICT_OBJC_MSGSEND = YES;
				GCC_C_LANGUAGE_STANDARD = gnu11;
				GCC_NO_COMMON_BLOCKS = YES;
				GCC_WARN_64_TO_32_BIT_CONVERSION = YES;
				GCC_WARN_ABOUT_RETURN_TYPE = YES_ERROR;
				GCC_WARN_UNDECLARED_SELECTOR = YES;
				GCC_WARN_UNINITIALIZED_AUTOS = YES_AGGRESSIVE;
				GCC_WARN_UNUSED_FUNCTION = YES;
				GCC_WARN_UNUSED_VARIABLE = YES;
				HEADER_SEARCH_PATHS = "";
				MACOSX_DEPLOYMENT_TARGET = 11.1;
				MTL_ENABLE_DEBUG_INFO = NO;
				MTL_FAST_MATH = YES;
				SDKROOT = macosx;
			};
			name = Release;
		};
		63CF7B9E25A747B900C27E74 /* Debug */ = {
			isa = XCBuildConfiguration;
			buildSettings = {
				CODE_SIGN_IDENTITY = "-";
				CODE_SIGN_STYLE = Automatic;
				PRODUCT_NAME = "$(TARGET_NAME)";
			};
			name = Debug;
		};
		63CF7B9F25A747B900C27E74 /* Release */ = {
			isa = XCBuildConfiguration;
			buildSettings = {
				CODE_SIGN_IDENTITY = "-";
				CODE_SIGN_STYLE = Automatic;
				PRODUCT_NAME = "$(TARGET_NAME)";
			};
			name = Release;
		};
		63D3FCEB26F9E4C3007B1F18 /* Debug */ = {
			isa = XCBuildConfiguration;
			buildSettings = {
				CODE_SIGN_IDENTITY = "-";
				CODE_SIGN_STYLE = Automatic;
				MACOSX_DEPLOYMENT_TARGET = 11.3;
				PRODUCT_NAME = "$(TARGET_NAME)";
			};
			name = Debug;
		};
		63D3FCEC26F9E4C3007B1F18 /* Release */ = {
			isa = XCBuildConfiguration;
			buildSettings = {
				CODE_SIGN_IDENTITY = "-";
				CODE_SIGN_STYLE = Automatic;
				MACOSX_DEPLOYMENT_TARGET = 11.3;
				PRODUCT_NAME = "$(TARGET_NAME)";
			};
			name = Release;
		};
		63D6E8EB273944F20099DFD2 /* Debug */ = {
			isa = XCBuildConfiguration;
			buildSettings = {
				CLANG_CXX_LANGUAGE_STANDARD = "gnu++17";
				CODE_SIGN_STYLE = Automatic;
				MACOSX_DEPLOYMENT_TARGET = 12.0;
				PRODUCT_NAME = "$(TARGET_NAME)";
			};
			name = Debug;
		};
		63D6E8EC273944F20099DFD2 /* Release */ = {
			isa = XCBuildConfiguration;
			buildSettings = {
				CLANG_CXX_LANGUAGE_STANDARD = "gnu++17";
				CODE_SIGN_STYLE = Automatic;
				MACOSX_DEPLOYMENT_TARGET = 12.0;
				PRODUCT_NAME = "$(TARGET_NAME)";
			};
			name = Release;
		};
		63D6E8F7273945FD0099DFD2 /* Debug */ = {
			isa = XCBuildConfiguration;
			buildSettings = {
				CLANG_CXX_LANGUAGE_STANDARD = "gnu++17";
				CODE_SIGN_STYLE = Automatic;
				MACOSX_DEPLOYMENT_TARGET = 12.0;
				PRODUCT_NAME = "$(TARGET_NAME)";
			};
			name = Debug;
		};
		63D6E8F8273945FD0099DFD2 /* Release */ = {
			isa = XCBuildConfiguration;
			buildSettings = {
				CLANG_CXX_LANGUAGE_STANDARD = "gnu++17";
				CODE_SIGN_STYLE = Automatic;
				MACOSX_DEPLOYMENT_TARGET = 12.0;
				PRODUCT_NAME = "$(TARGET_NAME)";
			};
			name = Release;
		};
		63EDC11726DE3F520044A75C /* Debug */ = {
			isa = XCBuildConfiguration;
			buildSettings = {
				CODE_SIGN_IDENTITY = "-";
				CODE_SIGN_STYLE = Automatic;
				MACOSX_DEPLOYMENT_TARGET = 11.3;
				PRODUCT_NAME = "$(TARGET_NAME)";
			};
			name = Debug;
		};
		63EDC11826DE3F520044A75C /* Release */ = {
			isa = XCBuildConfiguration;
			buildSettings = {
				CODE_SIGN_IDENTITY = "-";
				CODE_SIGN_STYLE = Automatic;
				MACOSX_DEPLOYMENT_TARGET = 11.3;
				PRODUCT_NAME = "$(TARGET_NAME)";
			};
			name = Release;
		};
		63EDC12326DE4BAC0044A75C /* Debug */ = {
			isa = XCBuildConfiguration;
			buildSettings = {
				CODE_SIGN_IDENTITY = "-";
				CODE_SIGN_STYLE = Automatic;
				MACOSX_DEPLOYMENT_TARGET = 11.3;
				PRODUCT_NAME = "$(TARGET_NAME)";
			};
			name = Debug;
		};
		63EDC12426DE4BAC0044A75C /* Release */ = {
			isa = XCBuildConfiguration;
			buildSettings = {
				CODE_SIGN_IDENTITY = "-";
				CODE_SIGN_STYLE = Automatic;
				MACOSX_DEPLOYMENT_TARGET = 11.3;
				PRODUCT_NAME = "$(TARGET_NAME)";
			};
			name = Release;
		};
		63F6C7BF26BD28ED00ECDC1B /* Debug */ = {
			isa = XCBuildConfiguration;
			buildSettings = {
				CODE_SIGN_IDENTITY = "-";
				CODE_SIGN_STYLE = Automatic;
				MACOSX_DEPLOYMENT_TARGET = 11.3;
				PRODUCT_NAME = "$(TARGET_NAME)";
			};
			name = Debug;
		};
		63F6C7C026BD28ED00ECDC1B /* Release */ = {
			isa = XCBuildConfiguration;
			buildSettings = {
				CODE_SIGN_IDENTITY = "-";
				CODE_SIGN_STYLE = Automatic;
				MACOSX_DEPLOYMENT_TARGET = 11.3;
				PRODUCT_NAME = "$(TARGET_NAME)";
			};
			name = Release;
		};
		63F6C7D626BD311900ECDC1B /* Debug */ = {
			isa = XCBuildConfiguration;
			buildSettings = {
				CODE_SIGN_IDENTITY = "-";
				CODE_SIGN_STYLE = Automatic;
				MACOSX_DEPLOYMENT_TARGET = 11.3;
				PRODUCT_NAME = "$(TARGET_NAME)";
			};
			name = Debug;
		};
		63F6C7D726BD311900ECDC1B /* Release */ = {
			isa = XCBuildConfiguration;
			buildSettings = {
				CODE_SIGN_IDENTITY = "-";
				CODE_SIGN_STYLE = Automatic;
				MACOSX_DEPLOYMENT_TARGET = 11.3;
				PRODUCT_NAME = "$(TARGET_NAME)";
			};
			name = Release;
		};
		63F6C7E326BD433100ECDC1B /* Debug */ = {
			isa = XCBuildConfiguration;
			buildSettings = {
				CODE_SIGN_IDENTITY = "-";
				CODE_SIGN_STYLE = Automatic;
				MACOSX_DEPLOYMENT_TARGET = 11.3;
				PRODUCT_NAME = "$(TARGET_NAME)";
			};
			name = Debug;
		};
		63F6C7E426BD433100ECDC1B /* Release */ = {
			isa = XCBuildConfiguration;
			buildSettings = {
				CODE_SIGN_IDENTITY = "-";
				CODE_SIGN_STYLE = Automatic;
				MACOSX_DEPLOYMENT_TARGET = 11.3;
				PRODUCT_NAME = "$(TARGET_NAME)";
			};
			name = Release;
		};
/* End XCBuildConfiguration section */

/* Begin XCConfigurationList section */
		6309977226E7CD370032D9BB /* Build configuration list for PBXNativeTarget "Class Implement" */ = {
			isa = XCConfigurationList;
			buildConfigurations = (
				6309977026E7CD370032D9BB /* Debug */,
				6309977126E7CD370032D9BB /* Release */,
			);
			defaultConfigurationIsVisible = 0;
			defaultConfigurationName = Release;
		};
		631A69FC26F332140021AFAC /* Build configuration list for PBXNativeTarget "OOPS Assignment - 4" */ = {
			isa = XCConfigurationList;
			buildConfigurations = (
				631A69FA26F332140021AFAC /* Debug */,
				631A69FB26F332140021AFAC /* Release */,
			);
			defaultConfigurationIsVisible = 0;
			defaultConfigurationName = Release;
		};
		632CCB6526E0B922009651F5 /* Build configuration list for PBXNativeTarget "Area Fxn Overloading" */ = {
			isa = XCConfigurationList;
			buildConfigurations = (
				632CCB6326E0B922009651F5 /* Debug */,
				632CCB6426E0B922009651F5 /* Release */,
			);
			defaultConfigurationIsVisible = 0;
			defaultConfigurationName = Release;
		};
		633CD04F274A5E06007E630B /* Build configuration list for PBXNativeTarget "OOPs Lab - Library Management System" */ = {
			isa = XCConfigurationList;
			buildConfigurations = (
				633CD050274A5E06007E630B /* Debug */,
				633CD051274A5E06007E630B /* Release */,
			);
			defaultConfigurationIsVisible = 0;
			defaultConfigurationName = Release;
		};
		6348D6F22618B02C0043E773 /* Build configuration list for PBXNativeTarget "TEST" */ = {
			isa = XCConfigurationList;
			buildConfigurations = (
				6348D6F02618B02C0043E773 /* Debug */,
				6348D6F12618B02C0043E773 /* Release */,
			);
			defaultConfigurationIsVisible = 0;
			defaultConfigurationName = Release;
		};
		637262C7271E070E003A85BE /* Build configuration list for PBXNativeTarget "Test - 2" */ = {
			isa = XCConfigurationList;
			buildConfigurations = (
				637262C5271E070E003A85BE /* Debug */,
				637262C6271E070E003A85BE /* Release */,
			);
			defaultConfigurationIsVisible = 0;
			defaultConfigurationName = Release;
		};
		6377DAD0272697C400BBCDC9 /* Build configuration list for PBXNativeTarget "OOPs Exception Handling" */ = {
			isa = XCConfigurationList;
			buildConfigurations = (
				6377DACE272697C400BBCDC9 /* Debug */,
				6377DACF272697C400BBCDC9 /* Release */,
			);
			defaultConfigurationIsVisible = 0;
			defaultConfigurationName = Release;
		};
		637B8C26271EB1E500960D53 /* Build configuration list for PBXNativeTarget "Test - 3" */ = {
			isa = XCConfigurationList;
			buildConfigurations = (
				637B8C24271EB1E500960D53 /* Debug */,
				637B8C25271EB1E500960D53 /* Release */,
			);
			defaultConfigurationIsVisible = 0;
			defaultConfigurationName = Release;
		};
		639ED63F26F33148008A8931 /* Build configuration list for PBXNativeTarget "OOPs Assignment - 4" */ = {
			isa = XCConfigurationList;
			buildConfigurations = (
				639ED63D26F33148008A8931 /* Debug */,
				639ED63E26F33148008A8931 /* Release */,
			);
			defaultConfigurationIsVisible = 0;
			defaultConfigurationName = Release;
		};
		639F3E8627031E7700594DCF /* Build configuration list for PBXNativeTarget "Class Test OOPs" */ = {
			isa = XCConfigurationList;
			buildConfigurations = (
				639F3E8427031E7700594DCF /* Debug */,
				639F3E8527031E7700594DCF /* Release */,
			);
			defaultConfigurationIsVisible = 0;
			defaultConfigurationName = Release;
		};
		639F3E9C2703DDCC00594DCF /* Build configuration list for PBXNativeTarget "Test-1" */ = {
			isa = XCConfigurationList;
			buildConfigurations = (
				639F3E9A2703DDCC00594DCF /* Debug */,
				639F3E9B2703DDCC00594DCF /* Release */,
			);
			defaultConfigurationIsVisible = 0;
			defaultConfigurationName = Release;
		};
		63AF3F2D26D4F4C00055AD88 /* Build configuration list for PBXNativeTarget "OOPs Lab Assignment - 2" */ = {
			isa = XCConfigurationList;
			buildConfigurations = (
				63AF3F2B26D4F4C00055AD88 /* Debug */,
				63AF3F2C26D4F4C00055AD88 /* Release */,
			);
			defaultConfigurationIsVisible = 0;
			defaultConfigurationName = Release;
		};
		63C1C59F26D8D33200D3579D /* Build configuration list for PBXNativeTarget "OOPs Assignment - 3" */ = {
			isa = XCConfigurationList;
			buildConfigurations = (
				63C1C59D26D8D33200D3579D /* Debug */,
				63C1C59E26D8D33200D3579D /* Release */,
			);
			defaultConfigurationIsVisible = 0;
			defaultConfigurationName = Release;
		};
		63C375422715903A00FD4329 /* Build configuration list for PBXNativeTarget "Class Test OOPs - 2" */ = {
			isa = XCConfigurationList;
			buildConfigurations = (
				63C375402715903A00FD4329 /* Debug */,
				63C375412715903A00FD4329 /* Release */,
			);
			defaultConfigurationIsVisible = 0;
			defaultConfigurationName = Release;
		};
		63CF7B9125A747B900C27E74 /* Build configuration list for PBXProject "C++ Programing" */ = {
			isa = XCConfigurationList;
			buildConfigurations = (
				63CF7B9B25A747B900C27E74 /* Debug */,
				63CF7B9C25A747B900C27E74 /* Release */,
			);
			defaultConfigurationIsVisible = 0;
			defaultConfigurationName = Release;
		};
		63CF7B9D25A747B900C27E74 /* Build configuration list for PBXNativeTarget "C++ Programing" */ = {
			isa = XCConfigurationList;
			buildConfigurations = (
				63CF7B9E25A747B900C27E74 /* Debug */,
				63CF7B9F25A747B900C27E74 /* Release */,
			);
			defaultConfigurationIsVisible = 0;
			defaultConfigurationName = Release;
		};
		63D3FCED26F9E4C3007B1F18 /* Build configuration list for PBXNativeTarget "OOPs Lab Assignment - 7" */ = {
			isa = XCConfigurationList;
			buildConfigurations = (
				63D3FCEB26F9E4C3007B1F18 /* Debug */,
				63D3FCEC26F9E4C3007B1F18 /* Release */,
			);
			defaultConfigurationIsVisible = 0;
			defaultConfigurationName = Release;
		};
		63D6E8ED273944F20099DFD2 /* Build configuration list for PBXNativeTarget "Friend Class" */ = {
			isa = XCConfigurationList;
			buildConfigurations = (
				63D6E8EB273944F20099DFD2 /* Debug */,
				63D6E8EC273944F20099DFD2 /* Release */,
			);
			defaultConfigurationIsVisible = 0;
			defaultConfigurationName = Release;
		};
		63D6E8F6273945FD0099DFD2 /* Build configuration list for PBXNativeTarget "Teaching Strings" */ = {
			isa = XCConfigurationList;
			buildConfigurations = (
				63D6E8F7273945FD0099DFD2 /* Debug */,
				63D6E8F8273945FD0099DFD2 /* Release */,
			);
			defaultConfigurationIsVisible = 0;
			defaultConfigurationName = Release;
		};
		63EDC11926DE3F520044A75C /* Build configuration list for PBXNativeTarget "OOPs Lab Assignment - 3" */ = {
			isa = XCConfigurationList;
			buildConfigurations = (
				63EDC11726DE3F520044A75C /* Debug */,
				63EDC11826DE3F520044A75C /* Release */,
			);
			defaultConfigurationIsVisible = 0;
			defaultConfigurationName = Release;
		};
		63EDC12226DE4BAC0044A75C /* Build configuration list for PBXNativeTarget "OOPs Lab Assignment - 4" */ = {
			isa = XCConfigurationList;
			buildConfigurations = (
				63EDC12326DE4BAC0044A75C /* Debug */,
				63EDC12426DE4BAC0044A75C /* Release */,
			);
			defaultConfigurationIsVisible = 0;
			defaultConfigurationName = Release;
		};
		63F6C7C126BD28ED00ECDC1B /* Build configuration list for PBXNativeTarget "Class Assignment" */ = {
			isa = XCConfigurationList;
			buildConfigurations = (
				63F6C7BF26BD28ED00ECDC1B /* Debug */,
				63F6C7C026BD28ED00ECDC1B /* Release */,
			);
			defaultConfigurationIsVisible = 0;
			defaultConfigurationName = Release;
		};
		63F6C7D526BD311900ECDC1B /* Build configuration list for PBXNativeTarget "Class Assignments" */ = {
			isa = XCConfigurationList;
			buildConfigurations = (
				63F6C7D626BD311900ECDC1B /* Debug */,
				63F6C7D726BD311900ECDC1B /* Release */,
			);
			defaultConfigurationIsVisible = 0;
			defaultConfigurationName = Release;
		};
		63F6C7E226BD433100ECDC1B /* Build configuration list for PBXNativeTarget "OOPs Assignment - 2" */ = {
			isa = XCConfigurationList;
			buildConfigurations = (
				63F6C7E326BD433100ECDC1B /* Debug */,
				63F6C7E426BD433100ECDC1B /* Release */,
			);
			defaultConfigurationIsVisible = 0;
			defaultConfigurationName = Release;
		};
/* End XCConfigurationList section */
	};
	rootObject = 63CF7B8E25A747B900C27E74 /* Project object */;
}
